{
  "name": "set-file-dates-js",
  "version": "1.0.0",
  "lockfileVersion": 3,
  "requires": true,
  "packages": {
    "": {
      "name": "set-file-dates-js",
      "version": "1.0.0",
      "license": "ISC",
      "dependencies": {
        "jpeg-js": "0.4.4",
        "libheif-js": "1.17.1"
      }
    },
    "node_modules/jpeg-js": {
      "version": "0.4.4",
      "resolved": "https://registry.npmjs.org/jpeg-js/-/jpeg-js-0.4.4.tgz",
      "integrity": "sha512-WZzeDOEtTOBK4Mdsar0IqEU5sMr3vSV2RqkAIzUEV2BHnUfKGyswWFPFwK5EeDo93K3FohSHbLAjj0s1Wzd+dg=="
    },
    "node_modules/libheif-js": {
      "version": "1.17.1",
      "resolved": "https://registry.npmjs.org/libheif-js/-/libheif-js-1.17.1.tgz",
      "integrity": "sha512-g9wBm/CasGZMjmH3B2sD9+AO7Y5+79F0oPS+sdAulSxQeYeCeiTIP+lDqvlPofD+y76wvfVtotKZ8AuvZQnWgg==",
      "engines": {
        "node": ">=8.0.0"
      }
    }
  }
}
